
Microsoft Visual Studio Solution File, Format Version 12.00
# Visual Studio 15
VisualStudioVersion = 15.0.26730.12
MinimumVisualStudioVersion = 10.0.40219.1
Project("{FAE04EC0-301F-11D3-BF4B-00C04F79EFBC}") = "Edifice", "Edifice.csproj", "{159B69B9-5AA0-657E-A0C0-BB95BA0F6068}"
EndProject
Project("{FAE04EC0-301F-11D3-BF4B-00C04F79EFBC}") = "Edifice.Editor", "Edifice.Editor.csproj", "{22A0304D-4788-1A6E-CDCF-3B93DCC2270C}"
EndProject
Global
	GlobalSection(SolutionConfigurationPlatforms) = preSolution
		Debug|Any CPU = Debug|Any CPU
		Release|Any CPU = Release|Any CPU
	EndGlobalSection
	GlobalSection(ProjectConfigurationPlatforms) = postSolution
		{159B69B9-5AA0-657E-A0C0-BB95BA0F6068}.Debug|Any CPU.ActiveCfg = Debug|Any CPU
		{159B69B9-5AA0-657E-A0C0-BB95BA0F6068}.Debug|Any CPU.Build.0 = Debug|Any CPU
		{159B69B9-5AA0-657E-A0C0-BB95BA0F6068}.Release|Any CPU.ActiveCfg = Release|Any CPU
		{159B69B9-5AA0-657E-A0C0-BB95BA0F6068}.Release|Any CPU.Build.0 = Release|Any CPU
		{22A0304D-4788-1A6E-CDCF-3B93DCC2270C}.Debug|Any CPU.ActiveCfg = Debug|Any CPU
		{22A0304D-4788-1A6E-CDCF-3B93DCC2270C}.Debug|Any CPU.Build.0 = Debug|Any CPU
		{22A0304D-4788-1A6E-CDCF-3B93DCC2270C}.Release|Any CPU.ActiveCfg = Release|Any CPU
		{22A0304D-4788-1A6E-CDCF-3B93DCC2270C}.Release|Any CPU.Build.0 = Release|Any CPU
	EndGlobalSection
	GlobalSection(SolutionProperties) = preSolution
		HideSolutionNode = FALSE
	EndGlobalSection
	GlobalSection(ExtensibilityGlobals) = postSolution
		SolutionGuid = {E72AB909-1295-4FDD-A599-B4A470104CEE}
	EndGlobalSection
EndGlobal
